// !$*UTF8*$!
{
	archiveVersion = 1;
	classes = {
	};
	objectVersion = 48;
	objects = {

/* Begin PBXBuildFile section */
		F7EEE4BA205C57A600231AEE /* AppDelegate.swift in Sources */ = {isa = PBXBuildFile; fileRef = F7EEE4B9205C57A600231AEE /* AppDelegate.swift */; };
		F7EEE4BC205C57A600231AEE /* Scene.sks in Resources */ = {isa = PBXBuildFile; fileRef = F7EEE4BB205C57A600231AEE /* Scene.sks */; };
		F7EEE4BE205C57A600231AEE /* Scene.swift in Sources */ = {isa = PBXBuildFile; fileRef = F7EEE4BD205C57A600231AEE /* Scene.swift */; };
		F7EEE4C0205C57A600231AEE /* ViewController.swift in Sources */ = {isa = PBXBuildFile; fileRef = F7EEE4BF205C57A600231AEE /* ViewController.swift */; };
		F7EEE4C3205C57A600231AEE /* Main.storyboard in Resources */ = {isa = PBXBuildFile; fileRef = F7EEE4C1205C57A600231AEE /* Main.storyboard */; };
		F7EEE4C5205C57A600231AEE /* Assets.xcassets in Resources */ = {isa = PBXBuildFile; fileRef = F7EEE4C4205C57A600231AEE /* Assets.xcassets */; };
		F7EEE4C8205C57A600231AEE /* LaunchScreen.storyboard in Resources */ = {isa = PBXBuildFile; fileRef = F7EEE4C6205C57A600231AEE /* LaunchScreen.storyboard */; };
		F7EEE4D0205C583000231AEE /* SwiftyJSON.swift in Sources */ = {isa = PBXBuildFile; fileRef = F7EEE4CF205C583000231AEE /* SwiftyJSON.swift */; };
/* End PBXBuildFile section */

/* Begin PBXFileReference section */
		F7EEE4B6205C57A600231AEE /* siteSeer.app */ = {isa = PBXFileReference; explicitFileType = wrapper.application; includeInIndex = 0; path = siteSeer.app; sourceTree = BUILT_PRODUCTS_DIR; };
		F7EEE4B9205C57A600231AEE /* AppDelegate.swift */ = {isa = PBXFileReference; lastKnownFileType = sourcecode.swift; path = AppDelegate.swift; sourceTree = "<group>"; };
		F7EEE4BB205C57A600231AEE /* Scene.sks */ = {isa = PBXFileReference; lastKnownFileType = file.sks; path = Scene.sks; sourceTree = "<group>"; };
		F7EEE4BD205C57A600231AEE /* Scene.swift */ = {isa = PBXFileReference; lastKnownFileType = sourcecode.swift; path = Scene.swift; sourceTree = "<group>"; };
		F7EEE4BF205C57A600231AEE /* ViewController.swift */ = {isa = PBXFileReference; lastKnownFileType = sourcecode.swift; path = ViewController.swift; sourceTree = "<group>"; };
		F7EEE4C2205C57A600231AEE /* Base */ = {isa = PBXFileReference; lastKnownFileType = file.storyboard; name = Base; path = Base.lproj/Main.storyboard; sourceTree = "<group>"; };
		F7EEE4C4205C57A600231AEE /* Assets.xcassets */ = {isa = PBXFileReference; lastKnownFileType = folder.assetcatalog; path = Assets.xcassets; sourceTree = "<group>"; };
		F7EEE4C7205C57A600231AEE /* Base */ = {isa = PBXFileReference; lastKnownFileType = file.storyboard; name = Base; path = Base.lproj/LaunchScreen.storyboard; sourceTree = "<group>"; };
		F7EEE4C9205C57A600231AEE /* Info.plist */ = {isa = PBXFileReference; lastKnownFileType = text.plist.xml; path = Info.plist; sourceTree = "<group>"; };
		F7EEE4CF205C583000231AEE /* SwiftyJSON.swift */ = {isa = PBXFileReference; fileEncoding = 4; lastKnownFileType = sourcecode.swift; path = SwiftyJSON.swift; sourceTree = "<group>"; };
/* End PBXFileReference section */

/* Begin PBXFrameworksBuildPhase section */
		F7EEE4B3205C57A600231AEE /* Frameworks */ = {
			isa = PBXFrameworksBuildPhase;
			buildActionMask = 2147483647;
			files = (
			);
			runOnlyForDeploymentPostprocessing = 0;
		};
/* End PBXFrameworksBuildPhase section */

/* Begin PBXGroup section */
		F7EEE4AD205C57A600231AEE = {
			isa = PBXGroup;
			children = (
				F7EEE4B8205C57A600231AEE /* siteSeer */,
				F7EEE4B7205C57A600231AEE /* Products */,
			);
			sourceTree = "<group>";
		};
		F7EEE4B7205C57A600231AEE /* Products */ = {
			isa = PBXGroup;
			children = (
				F7EEE4B6205C57A600231AEE /* siteSeer.app */,
			);
			name = Products;
			sourceTree = "<group>";
		};
		F7EEE4B8205C57A600231AEE /* siteSeer */ = {
			isa = PBXGroup;
			children = (
				F7EEE4B9205C57A600231AEE /* AppDelegate.swift */,
				F7EEE4BB205C57A600231AEE /* Scene.sks */,
				F7EEE4BD205C57A600231AEE /* Scene.swift */,
				F7EEE4BF205C57A600231AEE /* ViewController.swift */,
				F7EEE4C1205C57A600231AEE /* Main.storyboard */,
				F7EEE4C4205C57A600231AEE /* Assets.xcassets */,
				F7EEE4C6205C57A600231AEE /* LaunchScreen.storyboard */,
				F7EEE4CF205C583000231AEE /* SwiftyJSON.swift */,
				F7EEE4C9205C57A600231AEE /* Info.plist */,
			);
			path = siteSeer;
			sourceTree = "<group>";
		};
/* End PBXGroup section */

/* Begin PBXNativeTarget section */
		F7EEE4B5205C57A600231AEE /* siteSeer */ = {
			isa = PBXNativeTarget;
			buildConfigurationList = F7EEE4CC205C57A600231AEE /* Build configuration list for PBXNativeTarget "siteSeer" */;
			buildPhases = (
				F7EEE4B2205C57A600231AEE /* Sources */,
				F7EEE4B3205C57A600231AEE /* Frameworks */,
				F7EEE4B4205C57A600231AEE /* Resources */,
			);
			buildRules = (
			);
			dependencies = (
			);
			name = siteSeer;
			productName = siteSeer;
			productReference = F7EEE4B6205C57A600231AEE /* siteSeer.app */;
			productType = "com.apple.product-type.application";
		};
/* End PBXNativeTarget section */

/* Begin PBXProject section */
		F7EEE4AE205C57A600231AEE /* Project object */ = {
			isa = PBXProject;
			attributes = {
				LastSwiftUpdateCheck = 0920;
				LastUpgradeCheck = 0920;
				ORGANIZATIONNAME = "Kevin Perkins";
				TargetAttributes = {
					F7EEE4B5205C57A600231AEE = {
						CreatedOnToolsVersion = 9.2;
						ProvisioningStyle = Automatic;
					};
				};
			};
			buildConfigurationList = F7EEE4B1205C57A600231AEE /* Build configuration list for PBXProject "siteSeer" */;
			compatibilityVersion = "Xcode 8.0";
			developmentRegion = en;
			hasScannedForEncodings = 0;
			knownRegions = (
				en,
				Base,
			);
			mainGroup = F7EEE4AD205C57A600231AEE;
			productRefGroup = F7EEE4B7205C57A600231AEE /* Products */;
			projectDirPath = "";
			projectRoot = "";
			targets = (
				F7EEE4B5205C57A600231AEE /* siteSeer */,
			);
		};
/* End PBXProject section */

/* Begin PBXResourcesBuildPhase section */
		F7EEE4B4205C57A600231AEE /* Resources */ = {
			isa = PBXResourcesBuildPhase;
			buildActionMask = 2147483647;
			files = (
				F7EEE4BC205C57A600231AEE /* Scene.sks in Resources */,
				F7EEE4C8205C57A600231AEE /* LaunchScreen.storyboard in Resources */,
				F7EEE4C5205C57A600231AEE /* Assets.xcassets in Resources */,
				F7EEE4C3205C57A600231AEE /* Main.storyboard in Resources */,
			);
			runOnlyForDeploymentPostprocessing = 0;
		};
/* End PBXResourcesBuildPhase section */

/* Begin PBXSourcesBuildPhase section */
		F7EEE4B2205C57A600231AEE /* Sources */ = {
			isa = PBXSourcesBuildPhase;
			buildActionMask = 2147483647;
			files = (
				F7EEE4C0205C57A600231AEE /* ViewController.swift in Sources */,
				F7EEE4BE205C57A600231AEE /* Scene.swift in Sources */,
				F7EEE4BA205C57A600231AEE /* AppDelegate.swift in Sources */,
				F7EEE4D0205C583000231AEE /* SwiftyJSON.swift in Sources */,
			);
			runOnlyForDeploymentPostprocessing = 0;
		};
/* End PBXSourcesBuildPhase section */

/* Begin PBXVariantGroup section */
		F7EEE4C1205C57A600231AEE /* Main.storyboard */ = {
			isa = PBXVariantGroup;
			children = (
				F7EEE4C2205C57A600231AEE /* Base */,
			);
			name = Main.storyboard;
			sourceTree = "<group>";
		};
		F7EEE4C6205C57A600231AEE /* LaunchScreen.storyboard */ = {
			isa = PBXVariantGroup;
			children = (
				F7EEE4C7205C57A600231AEE /* Base */,
			);
			name = LaunchScreen.storyboard;
			sourceTree = "<group>";
		};
/* End PBXVariantGroup section */

/* Begin XCBuildConfiguration section */
		F7EEE4CA205C57A600231AEE /* Debug */ = {
			isa = XCBuildConfiguration;
			buildSettings = {
				ALWAYS_SEARCH_USER_PATHS = NO;
				CLANG_ANALYZER_NONNULL = YES;
				CLANG_ANALYZER_NUMBER_OBJECT_CONVERSION = YES_AGGRESSIVE;
				CLANG_CXX_LANGUAGE_STANDARD = "gnu++14";
				CLANG_CXX_LIBRARY = "libc++";
				CLANG_ENABLE_MODULES = YES;
				CLANG_ENABLE_OBJC_ARC = YES;
				CLANG_WARN_BLOCK_CAPTURE_AUTORELEASING = YES;
				CLANG_WARN_BOOL_CONVERSION = YES;
				CLANG_WARN_COMMA = YES;
				CLANG_WARN_CONSTANT_CONVERSION = YES;
				CLANG_WARN_DIRECT_OBJC_ISA_USAGE = YES_ERROR;
				CLANG_WARN_DOCUMENTATION_COMMENTS = YES;
				CLANG_WARN_EMPTY_BODY = YES;
				CLANG_WARN_ENUM_CONVERSION = YES;
				CLANG_WARN_INFINITE_RECURSION = YES;
				CLANG_WARN_INT_CONVERSION = YES;
				CLANG_WARN_NON_LITERAL_NULL_CONVERSION = YES;
				CLANG_WARN_OBJC_LITERAL_CONVERSION = YES;
				CLANG_WARN_OBJC_ROOT_CLASS = YES_ERROR;
				CLANG_WARN_RANGE_LOOP_ANALYSIS = YES;
				CLANG_WARN_STRICT_PROTOTYPES = YES;
				CLANG_WARN_SUSPICIOUS_MOVE = YES;
				CLANG_WARN_UNGUARDED_AVAILABILITY = YES_AGGRESSIVE;
				CLANG_WARN_UNREACHABLE_CODE = YES;
				CLANG_WARN__DUPLICATE_METHOD_MATCH = YES;
				CODE_SIGN_IDENTITY = "iPhone Developer";
				COPY_PHASE_STRIP = NO;
				DEBUG_INFORMATION_FORMAT = dwarf;
				ENABLE_STRICT_OBJC_MSGSEND = YES;
				ENABLE_TESTABILITY = YES;
				GCC_C_LANGUAGE_STANDARD = gnu11;
				GCC_DYNAMIC_NO_PIC = NO;
				GCC_NO_COMMON_BLOCKS = YES;
				GCC_OPTIMIZATION_LEVEL = 0;
				GCC_PREPROCESSOR_DEFINITIONS = (
					"DEBUG=1",
					"$(inherited)",
				);
				GCC_WARN_64_TO_32_BIT_CONVERSION = YES;
				GCC_WARN_ABOUT_RETURN_TYPE = YES_ERROR;
				GCC_WARN_UNDECLARED_SELECTOR = YES;
				GCC_WARN_UNINITIALIZED_AUTOS = YES_AGGRESSIVE;
				GCC_WARN_UNUSED_FUNCTION = YES;
				GCC_WARN_UNUSED_VARIABLE = YES;
				IPHONEOS_DEPLOYMENT_TARGET = 11.2;
				MTL_ENABLE_DEBUG_INFO = YES;
				ONLY_ACTIVE_ARCH = YES;
				SDKROOT = iphoneos;
				SWIFT_ACTIVE_COMPILATION_CONDITIONS = DEBUG;
				SWIFT_OPTIMIZATION_LEVEL = "-Onone";
			};
			name = Debug;
		};
		F7EEE4CB205C57A600231AEE /* Release */ = {
			isa = XCBuildConfiguration;
			buildSettings = {
				ALWAYS_SEARCH_USER_PATHS = NO;
				CLANG_ANALYZER_NONNULL = YES;
				CLANG_ANALYZER_NUMBER_OBJECT_CONVERSION = YES_AGGRESSIVE;
				CLANG_CXX_LANGUAGE_STANDARD = "gnu++14";
				CLANG_CXX_LIBRARY = "libc++";
				CLANG_ENABLE_MODULES = YES;
				CLANG_ENABLE_OBJC_ARC = YES;
				CLANG_WARN_BLOCK_CAPTURE_AUTORELEASING = YES;
				CLANG_WARN_BOOL_CONVERSION = YES;
				CLANG_WARN_COMMA = YES;
				CLANG_WARN_CONSTANT_CONVERSION = YES;
				CLANG_WARN_DIRECT_OBJC_ISA_USAGE = YES_ERROR;
				CLANG_WARN_DOCUMENTATION_COMMENTS = YES;
				CLANG_WARN_EMPTY_BODY = YES;
				CLANG_WARN_ENUM_CONVERSION = YES;
				CLANG_WARN_INFINITE_RECURSION = YES;
				CLANG_WARN_INT_CONVERSION = YES;
				CLANG_WARN_NON_LITERAL_NULL_CONVERSION = YES;
				CLANG_WARN_OBJC_LITERAL_CONVERSION = YES;
				CLANG_WARN_OBJC_ROOT_CLASS = YES_ERROR;
				CLANG_WARN_RANGE_LOOP_ANALYSIS = YES;
				CLANG_WARN_STRICT_PROTOTYPES = YES;
				CLANG_WARN_SUSPICIOUS_MOVE = YES;
				CLANG_WARN_UNGUARDED_AVAILABILITY = YES_AGGRESSIVE;
				CLANG_WARN_UNREACHABLE_CODE = YES;
				CLANG_WARN__DUPLICATE_METHOD_MATCH = YES;
				CODE_SIGN_IDENTITY = "iPhone Developer";
				COPY_PHASE_STRIP = NO;
				DEBUG_INFORMATION_FORMAT = "dwarf-with-dsym";
				ENABLE_NS_ASSERTIONS = NO;
				ENABLE_STRICT_OBJC_MSGSEND = YES;
				GCC_C_LANGUAGE_STANDARD = gnu11;
				GCC_NO_COMMON_BLOCKS = YES;
				GCC_WARN_64_TO_32_BIT_CONVERSION = YES;
				GCC_WARN_ABOUT_RETURN_TYPE = YES_ERROR;
				GCC_WARN_UNDECLARED_SELECTOR = YES;
				GCC_WARN_UNINITIALIZED_AUTOS = YES_AGGRESSIVE;
				GCC_WARN_UNUSED_FUNCTION = YES;
				GCC_WARN_UNUSED_VARIABLE = YES;
				IPHONEOS_DEPLOYMENT_TARGET = 11.2;
				MTL_ENABLE_DEBUG_INFO = NO;
				SDKROOT = iphoneos;
				SWIFT_OPTIMIZATION_LEVEL = "-Owholemodule";
				VALIDATE_PRODUCT = YES;
			};
			name = Release;
		};
		F7EEE4CD205C57A600231AEE /* Debug */ = {
			isa = XCBuildConfiguration;
			buildSettings = {
				ASSETCATALOG_COMPILER_APPICON_NAME = AppIcon;
				CODE_SIGN_STYLE = Automatic;
				DEVELOPMENT_TEAM = 78MFJK7U55;
				INFOPLIST_FILE = siteSeer/Info.plist;
				LD_RUNPATH_SEARCH_PATHS = "$(inherited) @executable_path/Frameworks";
				PRODUCT_BUNDLE_IDENTIFIER = com.kevincperkins.siteSeer;
				PRODUCT_NAME = "$(TARGET_NAME)";
				SWIFT_VERSION = 4.0;
				TARGETED_DEVICE_FAMILY = "1,2";
			};
			name = Debug;
		};
		F7EEE4CE205C57A600231AEE /* Release */ = {
			isa = XCBuildConfiguration;
			buildSettings = {
				ASSETCATALOG_COMPILER_APPICON_NAME = AppIcon;
				CODE_SIGN_STYLE = Automatic;
				DEVELOPMENT_TEAM = 78MFJK7U55;
				INFOPLIST_FILE = siteSeer/Info.plist;
				LD_RUNPATH_SEARCH_PATHS = "$(inherited) @executable_path/Frameworks";
				PRODUCT_BUNDLE_IDENTIFIER = com.kevincperkins.siteSeer;
				PRODUCT_NAME = "$(TARGET_NAME)";
				SWIFT_VERSION = 4.0;
				TARGETED_DEVICE_FAMILY = "1,2";
			};
			name = Release;
		};
/* End XCBuildConfiguration section */

/* Begin XCConfigurationList section */
		F7EEE4B1205C57A600231AEE /* Build configuration list for PBXProject "siteSeer" */ = {
			isa = XCConfigurationList;
			buildConfigurations = (
				F7EEE4CA205C57A600231AEE /* Debug */,
				F7EEE4CB205C57A600231AEE /* Release */,
			);
			defaultConfigurationIsVisible = 0;
			defaultConfigurationName = Release;
		};
		F7EEE4CC205C57A600231AEE /* Build configuration list for PBXNativeTarget "siteSeer" */ = {
			isa = XCConfigurationList;
			buildConfigurations = (
				F7EEE4CD205C57A600231AEE /* Debug */,
				F7EEE4CE205C57A600231AEE /* Release */,
			);
			defaultConfigurationIsVisible = 0;
			defaultConfigurationName = Release;
		};
/* End XCConfigurationList section */
	};
	rootObject = F7EEE4AE205C57A600231AEE /* Project object */;
}
